
Microsoft Visual Studio Solution File, Format Version 12.00
# Visual Studio 15
VisualStudioVersion = 15.0.27703.2042
MinimumVisualStudioVersion = 10.0.40219.1
Project("{FAE04EC0-301F-11D3-BF4B-00C04F79EFBC}") = "Web_App", "Web_App\Web_App.csproj", "{80EC1D89-0CCE-45EF-9D3E-B4742FD7072F}"
EndProject
Global
	GlobalSection(SolutionConfigurationPlatforms) = preSolution
		Debug|Any CPU = Debug|Any CPU
		Release|Any CPU = Release|Any CPU
	EndGlobalSection
	GlobalSection(ProjectConfigurationPlatforms) = postSolution
		{80EC1D89-0CCE-45EF-9D3E-B4742FD7072F}.Debug|Any CPU.ActiveCfg = Debug|Any CPU
		{80EC1D89-0CCE-45EF-9D3E-B4742FD7072F}.Debug|Any CPU.Build.0 = Debug|Any CPU
		{80EC1D89-0CCE-45EF-9D3E-B4742FD7072F}.Release|Any CPU.ActiveCfg = Release|Any CPU
		{80EC1D89-0CCE-45EF-9D3E-B4742FD7072F}.Release|Any CPU.Build.0 = Release|Any CPU
	EndGlobalSection
	GlobalSection(SolutionProperties) = preSolution
		HideSolutionNode = FALSE
	EndGlobalSection
	GlobalSection(ExtensibilityGlobals) = postSolution
		SolutionGuid = {69848FFA-29FD-48EB-83B0-952D840D4536}
	EndGlobalSection
EndGlobal
